
Microsoft Visual Studio Solution File, Format Version 12.00
# Visual Studio Version 17
VisualStudioVersion = 17.11.35327.3
MinimumVisualStudioVersion = 10.0.40219.1
Project("{FAE04EC0-301F-11D3-BF4B-00C04F79EFBC}") = "WebApplication1", "WebApplication1\WebApplication1.csproj", "{3EA8B749-520F-4F25-9A92-EBCC276C90CA}"
EndProject
Global
	GlobalSection(SolutionConfigurationPlatforms) = preSolution
		Debug|Any CPU = Debug|Any CPU
		Release|Any CPU = Release|Any CPU
	EndGlobalSection
	GlobalSection(ProjectConfigurationPlatforms) = postSolution
		{3EA8B749-520F-4F25-9A92-EBCC276C90CA}.Debug|Any CPU.ActiveCfg = Debug|Any CPU
		{3EA8B749-520F-4F25-9A92-EBCC276C90CA}.Debug|Any CPU.Build.0 = Debug|Any CPU
		{3EA8B749-520F-4F25-9A92-EBCC276C90CA}.Release|Any CPU.ActiveCfg = Release|Any CPU
		{3EA8B749-520F-4F25-9A92-EBCC276C90CA}.Release|Any CPU.Build.0 = Release|Any CPU
	EndGlobalSection
	GlobalSection(SolutionProperties) = preSolution
		HideSolutionNode = FALSE
	EndGlobalSection
	GlobalSection(ExtensibilityGlobals) = postSolution
		SolutionGuid = {E711E799-A419-40DB-B664-C8D71A4D3FA2}
	EndGlobalSection
EndGlobal
